
Microsoft Visual Studio Solution File, Format Version 12.00
# Visual Studio Version 16
VisualStudioVersion = 16.0.30114.105
MinimumVisualStudioVersion = 10.0.40219.1
Project("{8BC9CEB8-8B4A-11D0-8D11-00A0C91BC942}") = "Practice1", "Practice1\Practice1.vcxproj", "{4F988709-4C8E-45E6-A2BE-44B6FADC67FB}"
EndProject
Project("{8BC9CEB8-8B4A-11D0-8D11-00A0C91BC942}") = "Practice2", "Practice2\Practice2.vcxproj", "{3E9D3E72-CB13-46E7-94BB-4F2CC8BE0E4F}"
EndProject
Project("{8BC9CEB8-8B4A-11D0-8D11-00A0C91BC942}") = "Practice3", "Practice3\Practice3.vcxproj", "{CA797544-F7FB-4576-86BE-90D5EEA554A3}"
EndProject
Project("{8BC9CEB8-8B4A-11D0-8D11-00A0C91BC942}") = "Practice4", "Practice4\Practice4.vcxproj", "{FC1482B3-AE35-4884-8656-A5EBF1E27425}"
EndProject
Project("{8BC9CEB8-8B4A-11D0-8D11-00A0C91BC942}") = "Practice5", "Practice5\Practice5.vcxproj", "{A0913D42-76E2-4ED5-8832-5708B50432BE}"
EndProject
Project("{8BC9CEB8-8B4A-11D0-8D11-00A0C91BC942}") = "Practice6", "Practice6\Practice6.vcxproj", "{187C4F3F-B7BD-46B2-9BC7-EA3AFD050ACA}"
EndProject
Project("{8BC9CEB8-8B4A-11D0-8D11-00A0C91BC942}") = "Practice7", "Practice7\Practice7.vcxproj", "{51A3D0F1-3267-4A8B-BD2D-D726C2BF7A05}"
EndProject
Project("{8BC9CEB8-8B4A-11D0-8D11-00A0C91BC942}") = "Practice8", "Practice8\Practice8.vcxproj", "{B57464EC-B32D-41F6-9C3E-DCB35F532525}"
EndProject
Project("{8BC9CEB8-8B4A-11D0-8D11-00A0C91BC942}") = "Practice9", "Practice9\Practice9.vcxproj", "{6D19EFF2-A73A-45F1-9CBD-038358A564CC}"
EndProject
Project("{8BC9CEB8-8B4A-11D0-8D11-00A0C91BC942}") = "Practice10", "Practice10\Practice10.vcxproj", "{5F05356B-2DBB-4A71-B634-174A0FA9F7C4}"
EndProject
Project("{8BC9CEB8-8B4A-11D0-8D11-00A0C91BC942}") = "Practice11", "Practice11\Practice11.vcxproj", "{04C12D28-FB73-4E91-BFDE-33A60CB8A29A}"
EndProject
Project("{8BC9CEB8-8B4A-11D0-8D11-00A0C91BC942}") = "Practice12", "Practice12\Practice12.vcxproj", "{461FC693-660A-4CCB-9496-954064D99562}"
EndProject
Project("{8BC9CEB8-8B4A-11D0-8D11-00A0C91BC942}") = "Practice13", "Practice13\Practice13.vcxproj", "{B75A109A-296B-498E-9CC1-818A317385E9}"
EndProject
Project("{8BC9CEB8-8B4A-11D0-8D11-00A0C91BC942}") = "Practice14", "Practice14\Practice14.vcxproj", "{A9F55FA7-CD95-4EA3-960B-00D3633F2BE5}"
EndProject
Project("{8BC9CEB8-8B4A-11D0-8D11-00A0C91BC942}") = "Practice15", "Practice15\Practice15.vcxproj", "{5C5B9B78-BE5D-4F7F-A84C-BA69406464DE}"
EndProject
Project("{8BC9CEB8-8B4A-11D0-8D11-00A0C91BC942}") = "Practice16", "Practice16\Practice16.vcxproj", "{0585E391-17BF-483C-842C-03341120DC25}"
EndProject
Project("{8BC9CEB8-8B4A-11D0-8D11-00A0C91BC942}") = "Practice17", "Practice17\Practice17.vcxproj", "{80914B4A-BF4E-431C-AF3E-CFBA3774C597}"
EndProject
Global
	GlobalSection(SolutionConfigurationPlatforms) = preSolution
		Debug|x64 = Debug|x64
		Debug|x86 = Debug|x86
		Release|x64 = Release|x64
		Release|x86 = Release|x86
	EndGlobalSection
	GlobalSection(ProjectConfigurationPlatforms) = postSolution
		{4F988709-4C8E-45E6-A2BE-44B6FADC67FB}.Debug|x64.ActiveCfg = Debug|x64
		{4F988709-4C8E-45E6-A2BE-44B6FADC67FB}.Debug|x64.Build.0 = Debug|x64
		{4F988709-4C8E-45E6-A2BE-44B6FADC67FB}.Debug|x86.ActiveCfg = Debug|Win32
		{4F988709-4C8E-45E6-A2BE-44B6FADC67FB}.Debug|x86.Build.0 = Debug|Win32
		{4F988709-4C8E-45E6-A2BE-44B6FADC67FB}.Release|x64.ActiveCfg = Release|x64
		{4F988709-4C8E-45E6-A2BE-44B6FADC67FB}.Release|x64.Build.0 = Release|x64
		{4F988709-4C8E-45E6-A2BE-44B6FADC67FB}.Release|x86.ActiveCfg = Release|Win32
		{4F988709-4C8E-45E6-A2BE-44B6FADC67FB}.Release|x86.Build.0 = Release|Win32
		{3E9D3E72-CB13-46E7-94BB-4F2CC8BE0E4F}.Debug|x64.ActiveCfg = Debug|x64
		{3E9D3E72-CB13-46E7-94BB-4F2CC8BE0E4F}.Debug|x64.Build.0 = Debug|x64
		{3E9D3E72-CB13-46E7-94BB-4F2CC8BE0E4F}.Debug|x86.ActiveCfg = Debug|Win32
		{3E9D3E72-CB13-46E7-94BB-4F2CC8BE0E4F}.Debug|x86.Build.0 = Debug|Win32
		{3E9D3E72-CB13-46E7-94BB-4F2CC8BE0E4F}.Release|x64.ActiveCfg = Release|x64
		{3E9D3E72-CB13-46E7-94BB-4F2CC8BE0E4F}.Release|x64.Build.0 = Release|x64
		{3E9D3E72-CB13-46E7-94BB-4F2CC8BE0E4F}.Release|x86.ActiveCfg = Release|Win32
		{3E9D3E72-CB13-46E7-94BB-4F2CC8BE0E4F}.Release|x86.Build.0 = Release|Win32
		{CA797544-F7FB-4576-86BE-90D5EEA554A3}.Debug|x64.ActiveCfg = Debug|x64
		{CA797544-F7FB-4576-86BE-90D5EEA554A3}.Debug|x64.Build.0 = Debug|x64
		{CA797544-F7FB-4576-86BE-90D5EEA554A3}.Debug|x86.ActiveCfg = Debug|Win32
		{CA797544-F7FB-4576-86BE-90D5EEA554A3}.Debug|x86.Build.0 = Debug|Win32
		{CA797544-F7FB-4576-86BE-90D5EEA554A3}.Release|x64.ActiveCfg = Release|x64
		{CA797544-F7FB-4576-86BE-90D5EEA554A3}.Release|x64.Build.0 = Release|x64
		{CA797544-F7FB-4576-86BE-90D5EEA554A3}.Release|x86.ActiveCfg = Release|Win32
		{CA797544-F7FB-4576-86BE-90D5EEA554A3}.Release|x86.Build.0 = Release|Win32
		{FC1482B3-AE35-4884-8656-A5EBF1E27425}.Debug|x64.ActiveCfg = Debug|x64
		{FC1482B3-AE35-4884-8656-A5EBF1E27425}.Debug|x64.Build.0 = Debug|x64
		{FC1482B3-AE35-4884-8656-A5EBF1E27425}.Debug|x86.ActiveCfg = Debug|Win32
		{FC1482B3-AE35-4884-8656-A5EBF1E27425}.Debug|x86.Build.0 = Debug|Win32
		{FC1482B3-AE35-4884-8656-A5EBF1E27425}.Release|x64.ActiveCfg = Release|x64
		{FC1482B3-AE35-4884-8656-A5EBF1E27425}.Release|x64.Build.0 = Release|x64
		{FC1482B3-AE35-4884-8656-A5EBF1E27425}.Release|x86.ActiveCfg = Release|Win32
		{FC1482B3-AE35-4884-8656-A5EBF1E27425}.Release|x86.Build.0 = Release|Win32
		{A0913D42-76E2-4ED5-8832-5708B50432BE}.Debug|x64.ActiveCfg = Debug|x64
		{A0913D42-76E2-4ED5-8832-5708B50432BE}.Debug|x64.Build.0 = Debug|x64
		{A0913D42-76E2-4ED5-8832-5708B50432BE}.Debug|x86.ActiveCfg = Debug|Win32
		{A0913D42-76E2-4ED5-8832-5708B50432BE}.Debug|x86.Build.0 = Debug|Win32
		{A0913D42-76E2-4ED5-8832-5708B50432BE}.Release|x64.ActiveCfg = Release|x64
		{A0913D42-76E2-4ED5-8832-5708B50432BE}.Release|x64.Build.0 = Release|x64
		{A0913D42-76E2-4ED5-8832-5708B50432BE}.Release|x86.ActiveCfg = Release|Win32
		{A0913D42-76E2-4ED5-8832-5708B50432BE}.Release|x86.Build.0 = Release|Win32
		{187C4F3F-B7BD-46B2-9BC7-EA3AFD050ACA}.Debug|x64.ActiveCfg = Debug|x64
		{187C4F3F-B7BD-46B2-9BC7-EA3AFD050ACA}.Debug|x64.Build.0 = Debug|x64
		{187C4F3F-B7BD-46B2-9BC7-EA3AFD050ACA}.Debug|x86.ActiveCfg = Debug|Win32
		{187C4F3F-B7BD-46B2-9BC7-EA3AFD050ACA}.Debug|x86.Build.0 = Debug|Win32
		{187C4F3F-B7BD-46B2-9BC7-EA3AFD050ACA}.Release|x64.ActiveCfg = Release|x64
		{187C4F3F-B7BD-46B2-9BC7-EA3AFD050ACA}.Release|x64.Build.0 = Release|x64
		{187C4F3F-B7BD-46B2-9BC7-EA3AFD050ACA}.Release|x86.ActiveCfg = Release|Win32
		{187C4F3F-B7BD-46B2-9BC7-EA3AFD050ACA}.Release|x86.Build.0 = Release|Win32
		{51A3D0F1-3267-4A8B-BD2D-D726C2BF7A05}.Debug|x64.ActiveCfg = Debug|x64
		{51A3D0F1-3267-4A8B-BD2D-D726C2BF7A05}.Debug|x64.Build.0 = Debug|x64
		{51A3D0F1-3267-4A8B-BD2D-D726C2BF7A05}.Debug|x86.ActiveCfg = Debug|Win32
		{51A3D0F1-3267-4A8B-BD2D-D726C2BF7A05}.Debug|x86.Build.0 = Debug|Win32
		{51A3D0F1-3267-4A8B-BD2D-D726C2BF7A05}.Release|x64.ActiveCfg = Release|x64
		{51A3D0F1-3267-4A8B-BD2D-D726C2BF7A05}.Release|x64.Build.0 = Release|x64
		{51A3D0F1-3267-4A8B-BD2D-D726C2BF7A05}.Release|x86.ActiveCfg = Release|Win32
		{51A3D0F1-3267-4A8B-BD2D-D726C2BF7A05}.Release|x86.Build.0 = Release|Win32
		{B57464EC-B32D-41F6-9C3E-DCB35F532525}.Debug|x64.ActiveCfg = Debug|x64
		{B57464EC-B32D-41F6-9C3E-DCB35F532525}.Debug|x64.Build.0 = Debug|x64
		{B57464EC-B32D-41F6-9C3E-DCB35F532525}.Debug|x86.ActiveCfg = Debug|Win32
		{B57464EC-B32D-41F6-9C3E-DCB35F532525}.Debug|x86.Build.0 = Debug|Win32
		{B57464EC-B32D-41F6-9C3E-DCB35F532525}.Release|x64.ActiveCfg = Release|x64
		{B57464EC-B32D-41F6-9C3E-DCB35F532525}.Release|x64.Build.0 = Release|x64
		{B57464EC-B32D-41F6-9C3E-DCB35F532525}.Release|x86.ActiveCfg = Release|Win32
		{B57464EC-B32D-41F6-9C3E-DCB35F532525}.Release|x86.Build.0 = Release|Win32
		{6D19EFF2-A73A-45F1-9CBD-038358A564CC}.Debug|x64.ActiveCfg = Debug|x64
		{6D19EFF2-A73A-45F1-9CBD-038358A564CC}.Debug|x64.Build.0 = Debug|x64
		{6D19EFF2-A73A-45F1-9CBD-038358A564CC}.Debug|x86.ActiveCfg = Debug|Win32
		{6D19EFF2-A73A-45F1-9CBD-038358A564CC}.Debug|x86.Build.0 = Debug|Win32
		{6D19EFF2-A73A-45F1-9CBD-038358A564CC}.Release|x64.ActiveCfg = Release|x64
		{6D19EFF2-A73A-45F1-9CBD-038358A564CC}.Release|x64.Build.0 = Release|x64
		{6D19EFF2-A73A-45F1-9CBD-038358A564CC}.Release|x86.ActiveCfg = Release|Win32
		{6D19EFF2-A73A-45F1-9CBD-038358A564CC}.Release|x86.Build.0 = Release|Win32
		{5F05356B-2DBB-4A71-B634-174A0FA9F7C4}.Debug|x64.ActiveCfg = Debug|x64
		{5F05356B-2DBB-4A71-B634-174A0FA9F7C4}.Debug|x64.Build.0 = Debug|x64
		{5F05356B-2DBB-4A71-B634-174A0FA9F7C4}.Debug|x86.ActiveCfg = Debug|Win32
		{5F05356B-2DBB-4A71-B634-174A0FA9F7C4}.Debug|x86.Build.0 = Debug|Win32
		{5F05356B-2DBB-4A71-B634-174A0FA9F7C4}.Release|x64.ActiveCfg = Release|x64
		{5F05356B-2DBB-4A71-B634-174A0FA9F7C4}.Release|x64.Build.0 = Release|x64
		{5F05356B-2DBB-4A71-B634-174A0FA9F7C4}.Release|x86.ActiveCfg = Release|Win32
		{5F05356B-2DBB-4A71-B634-174A0FA9F7C4}.Release|x86.Build.0 = Release|Win32
		{04C12D28-FB73-4E91-BFDE-33A60CB8A29A}.Debug|x64.ActiveCfg = Debug|x64
		{04C12D28-FB73-4E91-BFDE-33A60CB8A29A}.Debug|x64.Build.0 = Debug|x64
		{04C12D28-FB73-4E91-BFDE-33A60CB8A29A}.Debug|x86.ActiveCfg = Debug|Win32
		{04C12D28-FB73-4E91-BFDE-33A60CB8A29A}.Debug|x86.Build.0 = Debug|Win32
		{04C12D28-FB73-4E91-BFDE-33A60CB8A29A}.Release|x64.ActiveCfg = Release|x64
		{04C12D28-FB73-4E91-BFDE-33A60CB8A29A}.Release|x64.Build.0 = Release|x64
		{04C12D28-FB73-4E91-BFDE-33A60CB8A29A}.Release|x86.ActiveCfg = Release|Win32
		{04C12D28-FB73-4E91-BFDE-33A60CB8A29A}.Release|x86.Build.0 = Release|Win32
		{461FC693-660A-4CCB-9496-954064D99562}.Debug|x64.ActiveCfg = Debug|x64
		{461FC693-660A-4CCB-9496-954064D99562}.Debug|x64.Build.0 = Debug|x64
		{461FC693-660A-4CCB-9496-954064D99562}.Debug|x86.ActiveCfg = Debug|Win32
		{461FC693-660A-4CCB-9496-954064D99562}.Debug|x86.Build.0 = Debug|Win32
		{461FC693-660A-4CCB-9496-954064D99562}.Release|x64.ActiveCfg = Release|x64
		{461FC693-660A-4CCB-9496-954064D99562}.Release|x64.Build.0 = Release|x64
		{461FC693-660A-4CCB-9496-954064D99562}.Release|x86.ActiveCfg = Release|Win32
		{461FC693-660A-4CCB-9496-954064D99562}.Release|x86.Build.0 = Release|Win32
		{B75A109A-296B-498E-9CC1-818A317385E9}.Debug|x64.ActiveCfg = Debug|x64
		{B75A109A-296B-498E-9CC1-818A317385E9}.Debug|x64.Build.0 = Debug|x64
		{B75A109A-296B-498E-9CC1-818A317385E9}.Debug|x86.ActiveCfg = Debug|Win32
		{B75A109A-296B-498E-9CC1-818A317385E9}.Debug|x86.Build.0 = Debug|Win32
		{B75A109A-296B-498E-9CC1-818A317385E9}.Release|x64.ActiveCfg = Release|x64
		{B75A109A-296B-498E-9CC1-818A317385E9}.Release|x64.Build.0 = Release|x64
		{B75A109A-296B-498E-9CC1-818A317385E9}.Release|x86.ActiveCfg = Release|Win32
		{B75A109A-296B-498E-9CC1-818A317385E9}.Release|x86.Build.0 = Release|Win32
		{A9F55FA7-CD95-4EA3-960B-00D3633F2BE5}.Debug|x64.ActiveCfg = Debug|x64
		{A9F55FA7-CD95-4EA3-960B-00D3633F2BE5}.Debug|x64.Build.0 = Debug|x64
		{A9F55FA7-CD95-4EA3-960B-00D3633F2BE5}.Debug|x86.ActiveCfg = Debug|Win32
		{A9F55FA7-CD95-4EA3-960B-00D3633F2BE5}.Debug|x86.Build.0 = Debug|Win32
		{A9F55FA7-CD95-4EA3-960B-00D3633F2BE5}.Release|x64.ActiveCfg = Release|x64
		{A9F55FA7-CD95-4EA3-960B-00D3633F2BE5}.Release|x64.Build.0 = Release|x64
		{A9F55FA7-CD95-4EA3-960B-00D3633F2BE5}.Release|x86.ActiveCfg = Release|Win32
		{A9F55FA7-CD95-4EA3-960B-00D3633F2BE5}.Release|x86.Build.0 = Release|Win32
		{5C5B9B78-BE5D-4F7F-A84C-BA69406464DE}.Debug|x64.ActiveCfg = Debug|x64
		{5C5B9B78-BE5D-4F7F-A84C-BA69406464DE}.Debug|x64.Build.0 = Debug|x64
		{5C5B9B78-BE5D-4F7F-A84C-BA69406464DE}.Debug|x86.ActiveCfg = Debug|Win32
		{5C5B9B78-BE5D-4F7F-A84C-BA69406464DE}.Debug|x86.Build.0 = Debug|Win32
		{5C5B9B78-BE5D-4F7F-A84C-BA69406464DE}.Release|x64.ActiveCfg = Release|x64
		{5C5B9B78-BE5D-4F7F-A84C-BA69406464DE}.Release|x64.Build.0 = Release|x64
		{5C5B9B78-BE5D-4F7F-A84C-BA69406464DE}.Release|x86.ActiveCfg = Release|Win32
		{5C5B9B78-BE5D-4F7F-A84C-BA69406464DE}.Release|x86.Build.0 = Release|Win32
		{0585E391-17BF-483C-842C-03341120DC25}.Debug|x64.ActiveCfg = Debug|x64
		{0585E391-17BF-483C-842C-03341120DC25}.Debug|x64.Build.0 = Debug|x64
		{0585E391-17BF-483C-842C-03341120DC25}.Debug|x86.ActiveCfg = Debug|Win32
		{0585E391-17BF-483C-842C-03341120DC25}.Debug|x86.Build.0 = Debug|Win32
		{0585E391-17BF-483C-842C-03341120DC25}.Release|x64.ActiveCfg = Release|x64
		{0585E391-17BF-483C-842C-03341120DC25}.Release|x64.Build.0 = Release|x64
		{0585E391-17BF-483C-842C-03341120DC25}.Release|x86.ActiveCfg = Release|Win32
		{0585E391-17BF-483C-842C-03341120DC25}.Release|x86.Build.0 = Release|Win32
		{80914B4A-BF4E-431C-AF3E-CFBA3774C597}.Debug|x64.ActiveCfg = Debug|x64
		{80914B4A-BF4E-431C-AF3E-CFBA3774C597}.Debug|x64.Build.0 = Debug|x64
		{80914B4A-BF4E-431C-AF3E-CFBA3774C597}.Debug|x86.ActiveCfg = Debug|Win32
		{80914B4A-BF4E-431C-AF3E-CFBA3774C597}.Debug|x86.Build.0 = Debug|Win32
		{80914B4A-BF4E-431C-AF3E-CFBA3774C597}.Release|x64.ActiveCfg = Release|x64
		{80914B4A-BF4E-431C-AF3E-CFBA3774C597}.Release|x64.Build.0 = Release|x64
		{80914B4A-BF4E-431C-AF3E-CFBA3774C597}.Release|x86.ActiveCfg = Release|Win32
		{80914B4A-BF4E-431C-AF3E-CFBA3774C597}.Release|x86.Build.0 = Release|Win32
	EndGlobalSection
	GlobalSection(SolutionProperties) = preSolution
		HideSolutionNode = FALSE
	EndGlobalSection
	GlobalSection(ExtensibilityGlobals) = postSolution
		SolutionGuid = {01632AEE-EE1E-4F4D-AD46-6BD47D2210F3}
	EndGlobalSection
EndGlobal
